
Microsoft Visual Studio Solution File, Format Version 11.00
# Visual Studio 2010
Project("{FAE04EC0-301F-11D3-BF4B-00C04F79EFBC}") = "SD.FC.MVC.Application", "SD.FC.MVC.Application\SD.FC.MVC.Application.csproj", "{865665CD-5F7B-434A-96AA-CB67A29F5C6C}"
EndProject
Project("{2150E333-8FDC-42A3-9474-1A3956D46DE8}") = "Lib", "Lib", "{1AD95E7D-4CFB-4F5F-86BA-C6F47867ECFB}"
EndProject
Global
	GlobalSection(SolutionConfigurationPlatforms) = preSolution
		Debug|Any CPU = Debug|Any CPU
		Release|Any CPU = Release|Any CPU
	EndGlobalSection
	GlobalSection(ProjectConfigurationPlatforms) = postSolution
		{865665CD-5F7B-434A-96AA-CB67A29F5C6C}.Debug|Any CPU.ActiveCfg = Debug|Any CPU
		{865665CD-5F7B-434A-96AA-CB67A29F5C6C}.Debug|Any CPU.Build.0 = Debug|Any CPU
		{865665CD-5F7B-434A-96AA-CB67A29F5C6C}.Release|Any CPU.ActiveCfg = Release|Any CPU
		{865665CD-5F7B-434A-96AA-CB67A29F5C6C}.Release|Any CPU.Build.0 = Release|Any CPU
	EndGlobalSection
	GlobalSection(SolutionProperties) = preSolution
		HideSolutionNode = FALSE
	EndGlobalSection
EndGlobal
